
Microsoft Visual Studio Solution File, Format Version 12.00
# Visual Studio Version 17
VisualStudioVersion = 17.14.37216.2 d17.14
MinimumVisualStudioVersion = 10.0.40219.1
Project("{FAE04EC0-301F-11D3-BF4B-00C04F79EFBC}") = "TonshaevaCRB_HospitalApp", "TonshaevaCRB_HospitalApp\TonshaevaCRB_HospitalApp.csproj", "{BFEF8950-21F8-4281-B040-F1EFF7E907B1}"
EndProject
Global
	GlobalSection(SolutionConfigurationPlatforms) = preSolution
		Debug|Any CPU = Debug|Any CPU
		Release|Any CPU = Release|Any CPU
	EndGlobalSection
	GlobalSection(ProjectConfigurationPlatforms) = postSolution
		{BFEF8950-21F8-4281-B040-F1EFF7E907B1}.Debug|Any CPU.ActiveCfg = Debug|Any CPU
		{BFEF8950-21F8-4281-B040-F1EFF7E907B1}.Debug|Any CPU.Build.0 = Debug|Any CPU
		{BFEF8950-21F8-4281-B040-F1EFF7E907B1}.Release|Any CPU.ActiveCfg = Release|Any CPU
		{BFEF8950-21F8-4281-B040-F1EFF7E907B1}.Release|Any CPU.Build.0 = Release|Any CPU
	EndGlobalSection
	GlobalSection(SolutionProperties) = preSolution
		HideSolutionNode = FALSE
	EndGlobalSection
	GlobalSection(ExtensibilityGlobals) = postSolution
		SolutionGuid = {944C17D4-246E-4C48-B605-2DBB51E453AF}
	EndGlobalSection
EndGlobal
